
Microsoft Visual Studio Solution File, Format Version 12.00
# Visual Studio Version 17
VisualStudioVersion = 17.5.1.0
MinimumVisualStudioVersion = 10.0.40219.1
Project("{9A19103F-16F7-4668-BE54-9A1E7A4F7556}") = "lsa-web-apis", "lsa-web-apis.csproj", "{4D5F9335-41A7-4397-B741-BF13ED2F2503}"
EndProject
Project("{FAE04EC0-301F-11D3-BF4B-00C04F79EFBC}") = "lsa-web-apis.Tests", "lsa-web-apis.Tests\lsa-web-apis.Tests.csproj", "{61F6206D-9157-4FC4-8BCF-5758AF4602D5}"
EndProject
Global
	GlobalSection(SolutionConfigurationPlatforms) = preSolution
		Debug|Any CPU = Debug|Any CPU
		Debug|x64 = Debug|x64
		Debug|x86 = Debug|x86
		Release|Any CPU = Release|Any CPU
		Release|x64 = Release|x64
		Release|x86 = Release|x86
	EndGlobalSection
	GlobalSection(ProjectConfigurationPlatforms) = postSolution
		{4D5F9335-41A7-4397-B741-BF13ED2F2503}.Debug|Any CPU.ActiveCfg = Debug|Any CPU
		{4D5F9335-41A7-4397-B741-BF13ED2F2503}.Debug|Any CPU.Build.0 = Debug|Any CPU
		{4D5F9335-41A7-4397-B741-BF13ED2F2503}.Debug|x64.ActiveCfg = Debug|Any CPU
		{4D5F9335-41A7-4397-B741-BF13ED2F2503}.Debug|x64.Build.0 = Debug|Any CPU
		{4D5F9335-41A7-4397-B741-BF13ED2F2503}.Debug|x86.ActiveCfg = Debug|Any CPU
		{4D5F9335-41A7-4397-B741-BF13ED2F2503}.Debug|x86.Build.0 = Debug|Any CPU
		{4D5F9335-41A7-4397-B741-BF13ED2F2503}.Release|Any CPU.ActiveCfg = Release|Any CPU
		{4D5F9335-41A7-4397-B741-BF13ED2F2503}.Release|Any CPU.Build.0 = Release|Any CPU
		{4D5F9335-41A7-4397-B741-BF13ED2F2503}.Release|x64.ActiveCfg = Release|Any CPU
		{4D5F9335-41A7-4397-B741-BF13ED2F2503}.Release|x64.Build.0 = Release|Any CPU
		{4D5F9335-41A7-4397-B741-BF13ED2F2503}.Release|x86.ActiveCfg = Release|Any CPU
		{4D5F9335-41A7-4397-B741-BF13ED2F2503}.Release|x86.Build.0 = Release|Any CPU
		{61F6206D-9157-4FC4-8BCF-5758AF4602D5}.Debug|Any CPU.ActiveCfg = Debug|Any CPU
		{61F6206D-9157-4FC4-8BCF-5758AF4602D5}.Debug|Any CPU.Build.0 = Debug|Any CPU
		{61F6206D-9157-4FC4-8BCF-5758AF4602D5}.Debug|x64.ActiveCfg = Debug|Any CPU
		{61F6206D-9157-4FC4-8BCF-5758AF4602D5}.Debug|x64.Build.0 = Debug|Any CPU
		{61F6206D-9157-4FC4-8BCF-5758AF4602D5}.Debug|x86.ActiveCfg = Debug|Any CPU
		{61F6206D-9157-4FC4-8BCF-5758AF4602D5}.Debug|x86.Build.0 = Debug|Any CPU
		{61F6206D-9157-4FC4-8BCF-5758AF4602D5}.Release|Any CPU.ActiveCfg = Release|Any CPU
		{61F6206D-9157-4FC4-8BCF-5758AF4602D5}.Release|Any CPU.Build.0 = Release|Any CPU
		{61F6206D-9157-4FC4-8BCF-5758AF4602D5}.Release|x64.ActiveCfg = Release|Any CPU
		{61F6206D-9157-4FC4-8BCF-5758AF4602D5}.Release|x64.Build.0 = Release|Any CPU
		{61F6206D-9157-4FC4-8BCF-5758AF4602D5}.Release|x86.ActiveCfg = Release|Any CPU
		{61F6206D-9157-4FC4-8BCF-5758AF4602D5}.Release|x86.Build.0 = Release|Any CPU
	EndGlobalSection
	GlobalSection(SolutionProperties) = preSolution
		HideSolutionNode = FALSE
	EndGlobalSection
	GlobalSection(ExtensibilityGlobals) = postSolution
		SolutionGuid = {91CBFAA3-E1AB-4918-A492-5339453B1191}
	EndGlobalSection
EndGlobal
