
Microsoft Visual Studio Solution File, Format Version 12.00
# Visual Studio Version 17
VisualStudioVersion = 17.5.001.0
MinimumVisualStudioVersion = 10.0.40219.1
Project("{9A19103F-16F7-4668-BE54-9A1E7A4F7556}") = "lsa-web-apis", "lsa-web-apis.csproj", "{4D5F9335-41A7-4397-B741-BF13ED2F2503}"
EndProject
Global
	GlobalSection(SolutionConfigurationPlatforms) = preSolution
		Debug|Any CPU = Debug|Any CPU
		Release|Any CPU = Release|Any CPU
	EndGlobalSection
	GlobalSection(ProjectConfigurationPlatforms) = postSolution
		{4D5F9335-41A7-4397-B741-BF13ED2F2503}.Debug|Any CPU.ActiveCfg = Debug|Any CPU
		{4D5F9335-41A7-4397-B741-BF13ED2F2503}.Debug|Any CPU.Build.0 = Debug|Any CPU
		{4D5F9335-41A7-4397-B741-BF13ED2F2503}.Release|Any CPU.ActiveCfg = Release|Any CPU
		{4D5F9335-41A7-4397-B741-BF13ED2F2503}.Release|Any CPU.Build.0 = Release|Any CPU
	EndGlobalSection
	GlobalSection(SolutionProperties) = preSolution
		HideSolutionNode = FALSE
	EndGlobalSection
	GlobalSection(ExtensibilityGlobals) = postSolution
		SolutionGuid = {91CBFAA3-E1AB-4918-A492-5339453B1191}
	EndGlobalSection
EndGlobal
